{
  "nodes": {
    "nixpkgs": {
      "locked": {
        "lastModified": 1693264542,
        "narHash": "sha256-zO6S2+BMiCBP/3n2E2Tpjp4N74LcSJjMK6p7bf1UJx8=",
        "path": "/nix/store/afigf06j5h4y15bapf77j11ppn1yf6gy-source",
        "rev": "1d9d75f88c4784625b00f8c17f49bfcd17cd2407",
        "type": "path"
      },
      "original": {
        "id": "nixpkgs",
        "type": "indirect"
      }
    },
    "root": {
      "inputs": {
        "nixpkgs": "nixpkgs"
      }
    }
  },
  "root": "root",
  "version": 7
}
