{
  "nodes": {
    "nixpkgs": {
      "locked": {
        "lastModified": 1696143757,
        "narHash": "sha256-r69r9PBwNYReBavktCOP6jmtnpF0DEZWABBnJuzqkK0=",
        "owner": "nixos",
        "repo": "nixpkgs",
        "rev": "3b9e1bd994c34b020ed7898b805a104511294d63",
        "type": "github"
      },
      "original": {
        "owner": "nixos",
        "ref": "release-23.05",
        "repo": "nixpkgs",
        "type": "github"
      }
    },
    "root": {
      "inputs": {
        "nixpkgs": "nixpkgs"
      }
    }
  },
  "root": "root",
  "version": 7
}
