{
  "nodes": {
    "nixpkgs": {
      "locked": {
        "lastModified": 1707238373,
        "narHash": "sha256-WKxT0yLzWbFZwYi92lI0yWJpYtRaFSWHGX8QXzejapw=",
        "path": "/nix/store/idj2jaaarjlvpiq2kxdlw937yr0j086l-source",
        "rev": "fb0c047e30b69696acc42e669d02452ca1b55755",
        "type": "path"
      },
      "original": {
        "id": "nixpkgs",
        "type": "indirect"
      }
    },
    "root": {
      "inputs": {
        "nixpkgs": "nixpkgs"
      }
    }
  },
  "root": "root",
  "version": 7
}
